
Microsoft Visual Studio Solution File, Format Version 12.00
# Visual Studio Version 17
VisualStudioVersion = 17.11.35222.181
MinimumVisualStudioVersion = 10.0.40219.1
Project("{FAE04EC0-301F-11D3-BF4B-00C04F79EFBC}") = "armstrongnumber", "armstrongnumber.csproj", "{D5EC7475-D5F6-4779-9C22-589412F37C6E}"
EndProject
Global
	GlobalSection(SolutionConfigurationPlatforms) = preSolution
		Debug|Any CPU = Debug|Any CPU
		Release|Any CPU = Release|Any CPU
	EndGlobalSection
	GlobalSection(ProjectConfigurationPlatforms) = postSolution
		{D5EC7475-D5F6-4779-9C22-589412F37C6E}.Debug|Any CPU.ActiveCfg = Debug|Any CPU
		{D5EC7475-D5F6-4779-9C22-589412F37C6E}.Debug|Any CPU.Build.0 = Debug|Any CPU
		{D5EC7475-D5F6-4779-9C22-589412F37C6E}.Release|Any CPU.ActiveCfg = Release|Any CPU
		{D5EC7475-D5F6-4779-9C22-589412F37C6E}.Release|Any CPU.Build.0 = Release|Any CPU
	EndGlobalSection
	GlobalSection(SolutionProperties) = preSolution
		HideSolutionNode = FALSE
	EndGlobalSection
	GlobalSection(ExtensibilityGlobals) = postSolution
		SolutionGuid = {65A29E12-4CF4-42C2-8707-54E463A78A41}
	EndGlobalSection
EndGlobal
